// !$*UTF8*$!
{
	archiveVersion = 1;
	classes = {
	};
	objectVersion = 51;
	objects = {

/* Begin PBXBuildFile section */
		0F0605D125412CE60072CBA5 /* NSObject+Cat.m in Sources */ = {isa = PBXBuildFile; fileRef = 0F0605D025412CE60072CBA5 /* NSObject+Cat.m */; };
		0F0605D525412D510072CBA5 /* Teacher.m in Sources */ = {isa = PBXBuildFile; fileRef = 0F0605D425412D510072CBA5 /* Teacher.m */; };
		0F0605E325415B5E0072CBA5 /* Person+Cat.m in Sources */ = {isa = PBXBuildFile; fileRef = 0F0605E225415B5E0072CBA5 /* Person+Cat.m */; };
		0F0A02FF24CAC9CB009A1F4C /* test.png in Resources */ = {isa = PBXBuildFile; fileRef = 0F0A02FE24CAC9CB009A1F4C /* test.png */; };
		0FAE008724D01738009E02A3 /* Metal.framework in Frameworks */ = {isa = PBXBuildFile; fileRef = 0FAE008624D01738009E02A3 /* Metal.framework */; };
		0FAE008924D01741009E02A3 /* MetalKit.framework in Frameworks */ = {isa = PBXBuildFile; fileRef = 0FAE008824D01741009E02A3 /* MetalKit.framework */; };
		0FAE008B24D01747009E02A3 /* MetalPerformanceShaders.framework in Frameworks */ = {isa = PBXBuildFile; fileRef = 0FAE008A24D01747009E02A3 /* MetalPerformanceShaders.framework */; };
		0FB3C9C324C960B700FADD13 /* GLKit.framework in Frameworks */ = {isa = PBXBuildFile; fileRef = 0FB3C9C224C960B700FADD13 /* GLKit.framework */; };
		0FB705CF24CA746400F83687 /* Person.m in Sources */ = {isa = PBXBuildFile; fileRef = 0FB705CE24CA746400F83687 /* Person.m */; };
		0FE76B6B24C91962004C33CC /* AppDelegate.m in Sources */ = {isa = PBXBuildFile; fileRef = 0FE76B6A24C91962004C33CC /* AppDelegate.m */; };
		0FE76B6E24C91962004C33CC /* SceneDelegate.m in Sources */ = {isa = PBXBuildFile; fileRef = 0FE76B6D24C91962004C33CC /* SceneDelegate.m */; };
		0FE76B7124C91962004C33CC /* ViewController.m in Sources */ = {isa = PBXBuildFile; fileRef = 0FE76B7024C91962004C33CC /* ViewController.m */; };
		0FE76B7424C91962004C33CC /* Main.storyboard in Resources */ = {isa = PBXBuildFile; fileRef = 0FE76B7224C91962004C33CC /* Main.storyboard */; };
		0FE76B7624C91964004C33CC /* Assets.xcassets in Resources */ = {isa = PBXBuildFile; fileRef = 0FE76B7524C91964004C33CC /* Assets.xcassets */; };
		0FE76B7924C91964004C33CC /* LaunchScreen.storyboard in Resources */ = {isa = PBXBuildFile; fileRef = 0FE76B7724C91964004C33CC /* LaunchScreen.storyboard */; };
		0FE76B7C24C91964004C33CC /* main.m in Sources */ = {isa = PBXBuildFile; fileRef = 0FE76B7B24C91964004C33CC /* main.m */; };
		0FE76B8324C919B7004C33CC /* test.html in Resources */ = {isa = PBXBuildFile; fileRef = 0FE76B8224C919B7004C33CC /* test.html */; };
		0FE76B8624C91A4D004C33CC /* WebKit.framework in Frameworks */ = {isa = PBXBuildFile; fileRef = 0FE76B8524C91A4D004C33CC /* WebKit.framework */; };
		0FEC36ED2536E1D000905C77 /* MyExceptionHandler.m in Sources */ = {isa = PBXBuildFile; fileRef = 0FEC36EC2536E1D000905C77 /* MyExceptionHandler.m */; };
		1CB7AB136FD30B1D2FCC76A5 /* libPods-TestWkWebView.a in Frameworks */ = {isa = PBXBuildFile; fileRef = 7029DD4FEA1AE8C5B0C8B87E /* libPods-TestWkWebView.a */; };
/* End PBXBuildFile section */

/* Begin PBXFileReference section */
		0F0605CF25412CE60072CBA5 /* NSObject+Cat.h */ = {isa = PBXFileReference; lastKnownFileType = sourcecode.c.h; path = "NSObject+Cat.h"; sourceTree = "<group>"; };
		0F0605D025412CE60072CBA5 /* NSObject+Cat.m */ = {isa = PBXFileReference; lastKnownFileType = sourcecode.c.objc; path = "NSObject+Cat.m"; sourceTree = "<group>"; };
		0F0605D325412D510072CBA5 /* Teacher.h */ = {isa = PBXFileReference; lastKnownFileType = sourcecode.c.h; path = Teacher.h; sourceTree = "<group>"; };
		0F0605D425412D510072CBA5 /* Teacher.m */ = {isa = PBXFileReference; lastKnownFileType = sourcecode.c.objc; path = Teacher.m; sourceTree = "<group>"; };
		0F0605E125415B5E0072CBA5 /* Person+Cat.h */ = {isa = PBXFileReference; lastKnownFileType = sourcecode.c.h; path = "Person+Cat.h"; sourceTree = "<group>"; };
		0F0605E225415B5E0072CBA5 /* Person+Cat.m */ = {isa = PBXFileReference; lastKnownFileType = sourcecode.c.objc; path = "Person+Cat.m"; sourceTree = "<group>"; };
		0F0A02FE24CAC9CB009A1F4C /* test.png */ = {isa = PBXFileReference; lastKnownFileType = image.png; path = test.png; sourceTree = "<group>"; };
		0FAE008624D01738009E02A3 /* Metal.framework */ = {isa = PBXFileReference; lastKnownFileType = wrapper.framework; name = Metal.framework; path = System/Library/Frameworks/Metal.framework; sourceTree = SDKROOT; };
		0FAE008824D01741009E02A3 /* MetalKit.framework */ = {isa = PBXFileReference; lastKnownFileType = wrapper.framework; name = MetalKit.framework; path = System/Library/Frameworks/MetalKit.framework; sourceTree = SDKROOT; };
		0FAE008A24D01747009E02A3 /* MetalPerformanceShaders.framework */ = {isa = PBXFileReference; lastKnownFileType = wrapper.framework; name = MetalPerformanceShaders.framework; path = System/Library/Frameworks/MetalPerformanceShaders.framework; sourceTree = SDKROOT; };
		0FB3C9C224C960B700FADD13 /* GLKit.framework */ = {isa = PBXFileReference; lastKnownFileType = wrapper.framework; name = GLKit.framework; path = System/Library/Frameworks/GLKit.framework; sourceTree = SDKROOT; };
		0FB705CD24CA746400F83687 /* Person.h */ = {isa = PBXFileReference; lastKnownFileType = sourcecode.c.h; path = Person.h; sourceTree = "<group>"; };
		0FB705CE24CA746400F83687 /* Person.m */ = {isa = PBXFileReference; lastKnownFileType = sourcecode.c.objc; path = Person.m; sourceTree = "<group>"; };
		0FE76B6624C91962004C33CC /* TestWkWebView.app */ = {isa = PBXFileReference; explicitFileType = wrapper.application; includeInIndex = 0; path = TestWkWebView.app; sourceTree = BUILT_PRODUCTS_DIR; };
		0FE76B6924C91962004C33CC /* AppDelegate.h */ = {isa = PBXFileReference; lastKnownFileType = sourcecode.c.h; path = AppDelegate.h; sourceTree = "<group>"; };
		0FE76B6A24C91962004C33CC /* AppDelegate.m */ = {isa = PBXFileReference; lastKnownFileType = sourcecode.c.objc; path = AppDelegate.m; sourceTree = "<group>"; };
		0FE76B6C24C91962004C33CC /* SceneDelegate.h */ = {isa = PBXFileReference; lastKnownFileType = sourcecode.c.h; path = SceneDelegate.h; sourceTree = "<group>"; };
		0FE76B6D24C91962004C33CC /* SceneDelegate.m */ = {isa = PBXFileReference; lastKnownFileType = sourcecode.c.objc; path = SceneDelegate.m; sourceTree = "<group>"; };
		0FE76B6F24C91962004C33CC /* ViewController.h */ = {isa = PBXFileReference; lastKnownFileType = sourcecode.c.h; path = ViewController.h; sourceTree = "<group>"; };
		0FE76B7024C91962004C33CC /* ViewController.m */ = {isa = PBXFileReference; lastKnownFileType = sourcecode.c.objc; path = ViewController.m; sourceTree = "<group>"; };
		0FE76B7324C91962004C33CC /* Base */ = {isa = PBXFileReference; lastKnownFileType = file.storyboard; name = Base; path = Base.lproj/Main.storyboard; sourceTree = "<group>"; };
		0FE76B7524C91964004C33CC /* Assets.xcassets */ = {isa = PBXFileReference; lastKnownFileType = folder.assetcatalog; path = Assets.xcassets; sourceTree = "<group>"; };
		0FE76B7824C91964004C33CC /* Base */ = {isa = PBXFileReference; lastKnownFileType = file.storyboard; name = Base; path = Base.lproj/LaunchScreen.storyboard; sourceTree = "<group>"; };
		0FE76B7A24C91964004C33CC /* Info.plist */ = {isa = PBXFileReference; lastKnownFileType = text.plist.xml; path = Info.plist; sourceTree = "<group>"; };
		0FE76B7B24C91964004C33CC /* main.m */ = {isa = PBXFileReference; lastKnownFileType = sourcecode.c.objc; path = main.m; sourceTree = "<group>"; };
		0FE76B8224C919B7004C33CC /* test.html */ = {isa = PBXFileReference; lastKnownFileType = text.html; path = test.html; sourceTree = "<group>"; };
		0FE76B8524C91A4D004C33CC /* WebKit.framework */ = {isa = PBXFileReference; lastKnownFileType = wrapper.framework; name = WebKit.framework; path = System/Library/Frameworks/WebKit.framework; sourceTree = SDKROOT; };
		0FEC36EB2536E1D000905C77 /* MyExceptionHandler.h */ = {isa = PBXFileReference; lastKnownFileType = sourcecode.c.h; path = MyExceptionHandler.h; sourceTree = "<group>"; };
		0FEC36EC2536E1D000905C77 /* MyExceptionHandler.m */ = {isa = PBXFileReference; lastKnownFileType = sourcecode.c.objc; path = MyExceptionHandler.m; sourceTree = "<group>"; };
		1E2D4CE49270CFE6B329A2E9 /* Pods-TestWkWebView.debug.xcconfig */ = {isa = PBXFileReference; includeInIndex = 1; lastKnownFileType = text.xcconfig; name = "Pods-TestWkWebView.debug.xcconfig"; path = "Target Support Files/Pods-TestWkWebView/Pods-TestWkWebView.debug.xcconfig"; sourceTree = "<group>"; };
		7029DD4FEA1AE8C5B0C8B87E /* libPods-TestWkWebView.a */ = {isa = PBXFileReference; explicitFileType = archive.ar; includeInIndex = 0; path = "libPods-TestWkWebView.a"; sourceTree = BUILT_PRODUCTS_DIR; };
		8B6FCCC0748DE38913B75878 /* Pods-TestWkWebView.release.xcconfig */ = {isa = PBXFileReference; includeInIndex = 1; lastKnownFileType = text.xcconfig; name = "Pods-TestWkWebView.release.xcconfig"; path = "Target Support Files/Pods-TestWkWebView/Pods-TestWkWebView.release.xcconfig"; sourceTree = "<group>"; };
/* End PBXFileReference section */

/* Begin PBXFrameworksBuildPhase section */
		0FE76B6324C91962004C33CC /* Frameworks */ = {
			isa = PBXFrameworksBuildPhase;
			buildActionMask = 2147483647;
			files = (
				0FAE008B24D01747009E02A3 /* MetalPerformanceShaders.framework in Frameworks */,
				0FAE008924D01741009E02A3 /* MetalKit.framework in Frameworks */,
				0FAE008724D01738009E02A3 /* Metal.framework in Frameworks */,
				0FB3C9C324C960B700FADD13 /* GLKit.framework in Frameworks */,
				0FE76B8624C91A4D004C33CC /* WebKit.framework in Frameworks */,
				1CB7AB136FD30B1D2FCC76A5 /* libPods-TestWkWebView.a in Frameworks */,
			);
			runOnlyForDeploymentPostprocessing = 0;
		};
/* End PBXFrameworksBuildPhase section */

/* Begin PBXGroup section */
		0FE76B5D24C91962004C33CC = {
			isa = PBXGroup;
			children = (
				0FE76B6824C91962004C33CC /* TestWkWebView */,
				0FE76B6724C91962004C33CC /* Products */,
				0FE76B8424C91A4D004C33CC /* Frameworks */,
				24FBBB36FD44CBE6B4615B68 /* Pods */,
			);
			sourceTree = "<group>";
		};
		0FE76B6724C91962004C33CC /* Products */ = {
			isa = PBXGroup;
			children = (
				0FE76B6624C91962004C33CC /* TestWkWebView.app */,
			);
			name = Products;
			sourceTree = "<group>";
		};
		0FE76B6824C91962004C33CC /* TestWkWebView */ = {
			isa = PBXGroup;
			children = (
				0F0A02FE24CAC9CB009A1F4C /* test.png */,
				0FE76B6924C91962004C33CC /* AppDelegate.h */,
				0FE76B6A24C91962004C33CC /* AppDelegate.m */,
				0FE76B6C24C91962004C33CC /* SceneDelegate.h */,
				0FE76B6D24C91962004C33CC /* SceneDelegate.m */,
				0FE76B6F24C91962004C33CC /* ViewController.h */,
				0FE76B7024C91962004C33CC /* ViewController.m */,
				0FEC36EB2536E1D000905C77 /* MyExceptionHandler.h */,
				0FEC36EC2536E1D000905C77 /* MyExceptionHandler.m */,
				0FB705CD24CA746400F83687 /* Person.h */,
				0FB705CE24CA746400F83687 /* Person.m */,
				0F0605E125415B5E0072CBA5 /* Person+Cat.h */,
				0F0605E225415B5E0072CBA5 /* Person+Cat.m */,
				0F0605CF25412CE60072CBA5 /* NSObject+Cat.h */,
				0F0605D025412CE60072CBA5 /* NSObject+Cat.m */,
				0F0605D325412D510072CBA5 /* Teacher.h */,
				0F0605D425412D510072CBA5 /* Teacher.m */,
				0FE76B8224C919B7004C33CC /* test.html */,
				0FE76B7224C91962004C33CC /* Main.storyboard */,
				0FE76B7524C91964004C33CC /* Assets.xcassets */,
				0FE76B7724C91964004C33CC /* LaunchScreen.storyboard */,
				0FE76B7A24C91964004C33CC /* Info.plist */,
				0FE76B7B24C91964004C33CC /* main.m */,
			);
			path = TestWkWebView;
			sourceTree = "<group>";
		};
		0FE76B8424C91A4D004C33CC /* Frameworks */ = {
			isa = PBXGroup;
			children = (
				0FAE008A24D01747009E02A3 /* MetalPerformanceShaders.framework */,
				0FAE008824D01741009E02A3 /* MetalKit.framework */,
				0FAE008624D01738009E02A3 /* Metal.framework */,
				0FB3C9C224C960B700FADD13 /* GLKit.framework */,
				0FE76B8524C91A4D004C33CC /* WebKit.framework */,
				7029DD4FEA1AE8C5B0C8B87E /* libPods-TestWkWebView.a */,
			);
			name = Frameworks;
			sourceTree = "<group>";
		};
		24FBBB36FD44CBE6B4615B68 /* Pods */ = {
			isa = PBXGroup;
			children = (
				1E2D4CE49270CFE6B329A2E9 /* Pods-TestWkWebView.debug.xcconfig */,
				8B6FCCC0748DE38913B75878 /* Pods-TestWkWebView.release.xcconfig */,
			);
			path = Pods;
			sourceTree = "<group>";
		};
/* End PBXGroup section */

/* Begin PBXNativeTarget section */
		0FE76B6524C91962004C33CC /* TestWkWebView */ = {
			isa = PBXNativeTarget;
			buildConfigurationList = 0FE76B7F24C91964004C33CC /* Build configuration list for PBXNativeTarget "TestWkWebView" */;
			buildPhases = (
				8EF6DEFFFAFA1228E1CA2645 /* [CP] Check Pods Manifest.lock */,
				0FE76B6224C91962004C33CC /* Sources */,
				0FE76B6324C91962004C33CC /* Frameworks */,
				0FE76B6424C91962004C33CC /* Resources */,
				70D1CA1B5E8A05E997608480 /* [CP] Copy Pods Resources */,
			);
			buildRules = (
			);
			dependencies = (
			);
			name = TestWkWebView;
			productName = TestWkWebView;
			productReference = 0FE76B6624C91962004C33CC /* TestWkWebView.app */;
			productType = "com.apple.product-type.application";
		};
/* End PBXNativeTarget section */

/* Begin PBXProject section */
		0FE76B5E24C91962004C33CC /* Project object */ = {
			isa = PBXProject;
			attributes = {
				LastUpgradeCheck = 1150;
				ORGANIZATIONNAME = MacW;
				TargetAttributes = {
					0FE76B6524C91962004C33CC = {
						CreatedOnToolsVersion = 11.5;
					};
				};
			};
			buildConfigurationList = 0FE76B6124C91962004C33CC /* Build configuration list for PBXProject "TestWkWebView" */;
			compatibilityVersion = "Xcode 9.3";
			developmentRegion = en;
			hasScannedForEncodings = 0;
			knownRegions = (
				en,
				Base,
			);
			mainGroup = 0FE76B5D24C91962004C33CC;
			productRefGroup = 0FE76B6724C91962004C33CC /* Products */;
			projectDirPath = "";
			projectRoot = "";
			targets = (
				0FE76B6524C91962004C33CC /* TestWkWebView */,
			);
		};
/* End PBXProject section */

/* Begin PBXResourcesBuildPhase section */
		0FE76B6424C91962004C33CC /* Resources */ = {
			isa = PBXResourcesBuildPhase;
			buildActionMask = 2147483647;
			files = (
				0FE76B8324C919B7004C33CC /* test.html in Resources */,
				0F0A02FF24CAC9CB009A1F4C /* test.png in Resources */,
				0FE76B7924C91964004C33CC /* LaunchScreen.storyboard in Resources */,
				0FE76B7624C91964004C33CC /* Assets.xcassets in Resources */,
				0FE76B7424C91962004C33CC /* Main.storyboard in Resources */,
			);
			runOnlyForDeploymentPostprocessing = 0;
		};
/* End PBXResourcesBuildPhase section */

/* Begin PBXShellScriptBuildPhase section */
		70D1CA1B5E8A05E997608480 /* [CP] Copy Pods Resources */ = {
			isa = PBXShellScriptBuildPhase;
			buildActionMask = 2147483647;
			files = (
			);
			inputFileListPaths = (
				"${PODS_ROOT}/Target Support Files/Pods-TestWkWebView/Pods-TestWkWebView-resources-${CONFIGURATION}-input-files.xcfilelist",
			);
			name = "[CP] Copy Pods Resources";
			outputFileListPaths = (
				"${PODS_ROOT}/Target Support Files/Pods-TestWkWebView/Pods-TestWkWebView-resources-${CONFIGURATION}-output-files.xcfilelist",
			);
			runOnlyForDeploymentPostprocessing = 0;
			shellPath = /bin/sh;
			shellScript = "\"${PODS_ROOT}/Target Support Files/Pods-TestWkWebView/Pods-TestWkWebView-resources.sh\"\n";
			showEnvVarsInLog = 0;
		};
		8EF6DEFFFAFA1228E1CA2645 /* [CP] Check Pods Manifest.lock */ = {
			isa = PBXShellScriptBuildPhase;
			buildActionMask = 2147483647;
			files = (
			);
			inputFileListPaths = (
			);
			inputPaths = (
				"${PODS_PODFILE_DIR_PATH}/Podfile.lock",
				"${PODS_ROOT}/Manifest.lock",
			);
			name = "[CP] Check Pods Manifest.lock";
			outputFileListPaths = (
			);
			outputPaths = (
				"$(DERIVED_FILE_DIR)/Pods-TestWkWebView-checkManifestLockResult.txt",
			);
			runOnlyForDeploymentPostprocessing = 0;
			shellPath = /bin/sh;
			shellScript = "diff \"${PODS_PODFILE_DIR_PATH}/Podfile.lock\" \"${PODS_ROOT}/Manifest.lock\" > /dev/null\nif [ $? != 0 ] ; then\n    # print error to STDERR\n    echo \"error: The sandbox is not in sync with the Podfile.lock. Run 'pod install' or update your CocoaPods installation.\" >&2\n    exit 1\nfi\n# This output is used by Xcode 'outputs' to avoid re-running this script phase.\necho \"SUCCESS\" > \"${SCRIPT_OUTPUT_FILE_0}\"\n";
			showEnvVarsInLog = 0;
		};
/* End PBXShellScriptBuildPhase section */

/* Begin PBXSourcesBuildPhase section */
		0FE76B6224C91962004C33CC /* Sources */ = {
			isa = PBXSourcesBuildPhase;
			buildActionMask = 2147483647;
			files = (
				0F0605D525412D510072CBA5 /* Teacher.m in Sources */,
				0FE76B7124C91962004C33CC /* ViewController.m in Sources */,
				0FEC36ED2536E1D000905C77 /* MyExceptionHandler.m in Sources */,
				0FE76B6B24C91962004C33CC /* AppDelegate.m in Sources */,
				0FB705CF24CA746400F83687 /* Person.m in Sources */,
				0F0605D125412CE60072CBA5 /* NSObject+Cat.m in Sources */,
				0FE76B7C24C91964004C33CC /* main.m in Sources */,
				0FE76B6E24C91962004C33CC /* SceneDelegate.m in Sources */,
				0F0605E325415B5E0072CBA5 /* Person+Cat.m in Sources */,
			);
			runOnlyForDeploymentPostprocessing = 0;
		};
/* End PBXSourcesBuildPhase section */

/* Begin PBXVariantGroup section */
		0FE76B7224C91962004C33CC /* Main.storyboard */ = {
			isa = PBXVariantGroup;
			children = (
				0FE76B7324C91962004C33CC /* Base */,
			);
			name = Main.storyboard;
			sourceTree = "<group>";
		};
		0FE76B7724C91964004C33CC /* LaunchScreen.storyboard */ = {
			isa = PBXVariantGroup;
			children = (
				0FE76B7824C91964004C33CC /* Base */,
			);
			name = LaunchScreen.storyboard;
			sourceTree = "<group>";
		};
/* End PBXVariantGroup section */

/* Begin XCBuildConfiguration section */
		0FE76B7D24C91964004C33CC /* Debug */ = {
			isa = XCBuildConfiguration;
			buildSettings = {
				ALWAYS_SEARCH_USER_PATHS = NO;
				CLANG_ANALYZER_NONNULL = YES;
				CLANG_ANALYZER_NUMBER_OBJECT_CONVERSION = YES_AGGRESSIVE;
				CLANG_CXX_LANGUAGE_STANDARD = "gnu++14";
				CLANG_CXX_LIBRARY = "libc++";
				CLANG_ENABLE_MODULES = YES;
				CLANG_ENABLE_OBJC_ARC = YES;
				CLANG_ENABLE_OBJC_WEAK = YES;
				CLANG_WARN_BLOCK_CAPTURE_AUTORELEASING = YES;
				CLANG_WARN_BOOL_CONVERSION = YES;
				CLANG_WARN_COMMA = YES;
				CLANG_WARN_CONSTANT_CONVERSION = YES;
				CLANG_WARN_DEPRECATED_OBJC_IMPLEMENTATIONS = YES;
				CLANG_WARN_DIRECT_OBJC_ISA_USAGE = YES_ERROR;
				CLANG_WARN_DOCUMENTATION_COMMENTS = YES;
				CLANG_WARN_EMPTY_BODY = YES;
				CLANG_WARN_ENUM_CONVERSION = YES;
				CLANG_WARN_INFINITE_RECURSION = YES;
				CLANG_WARN_INT_CONVERSION = YES;
				CLANG_WARN_NON_LITERAL_NULL_CONVERSION = YES;
				CLANG_WARN_OBJC_IMPLICIT_RETAIN_SELF = YES;
				CLANG_WARN_OBJC_LITERAL_CONVERSION = YES;
				CLANG_WARN_OBJC_ROOT_CLASS = YES_ERROR;
				CLANG_WARN_RANGE_LOOP_ANALYSIS = YES;
				CLANG_WARN_STRICT_PROTOTYPES = YES;
				CLANG_WARN_SUSPICIOUS_MOVE = YES;
				CLANG_WARN_UNGUARDED_AVAILABILITY = YES_AGGRESSIVE;
				CLANG_WARN_UNREACHABLE_CODE = YES;
				CLANG_WARN__DUPLICATE_METHOD_MATCH = YES;
				COPY_PHASE_STRIP = NO;
				DEBUG_INFORMATION_FORMAT = dwarf;
				ENABLE_STRICT_OBJC_MSGSEND = YES;
				ENABLE_TESTABILITY = YES;
				GCC_C_LANGUAGE_STANDARD = gnu11;
				GCC_DYNAMIC_NO_PIC = NO;
				GCC_NO_COMMON_BLOCKS = YES;
				GCC_OPTIMIZATION_LEVEL = 0;
				GCC_PREPROCESSOR_DEFINITIONS = (
					"DEBUG=1",
					"$(inherited)",
				);
				GCC_WARN_64_TO_32_BIT_CONVERSION = YES;
				GCC_WARN_ABOUT_RETURN_TYPE = YES_ERROR;
				GCC_WARN_UNDECLARED_SELECTOR = YES;
				GCC_WARN_UNINITIALIZED_AUTOS = YES_AGGRESSIVE;
				GCC_WARN_UNUSED_FUNCTION = YES;
				GCC_WARN_UNUSED_VARIABLE = YES;
				IPHONEOS_DEPLOYMENT_TARGET = 13.5;
				MTL_ENABLE_DEBUG_INFO = INCLUDE_SOURCE;
				MTL_FAST_MATH = YES;
				ONLY_ACTIVE_ARCH = YES;
				SDKROOT = iphoneos;
			};
			name = Debug;
		};
		0FE76B7E24C91964004C33CC /* Release */ = {
			isa = XCBuildConfiguration;
			buildSettings = {
				ALWAYS_SEARCH_USER_PATHS = NO;
				CLANG_ANALYZER_NONNULL = YES;
				CLANG_ANALYZER_NUMBER_OBJECT_CONVERSION = YES_AGGRESSIVE;
				CLANG_CXX_LANGUAGE_STANDARD = "gnu++14";
				CLANG_CXX_LIBRARY = "libc++";
				CLANG_ENABLE_MODULES = YES;
				CLANG_ENABLE_OBJC_ARC = YES;
				CLANG_ENABLE_OBJC_WEAK = YES;
				CLANG_WARN_BLOCK_CAPTURE_AUTORELEASING = YES;
				CLANG_WARN_BOOL_CONVERSION = YES;
				CLANG_WARN_COMMA = YES;
				CLANG_WARN_CONSTANT_CONVERSION = YES;
				CLANG_WARN_DEPRECATED_OBJC_IMPLEMENTATIONS = YES;
				CLANG_WARN_DIRECT_OBJC_ISA_USAGE = YES_ERROR;
				CLANG_WARN_DOCUMENTATION_COMMENTS = YES;
				CLANG_WARN_EMPTY_BODY = YES;
				CLANG_WARN_ENUM_CONVERSION = YES;
				CLANG_WARN_INFINITE_RECURSION = YES;
				CLANG_WARN_INT_CONVERSION = YES;
				CLANG_WARN_NON_LITERAL_NULL_CONVERSION = YES;
				CLANG_WARN_OBJC_IMPLICIT_RETAIN_SELF = YES;
				CLANG_WARN_OBJC_LITERAL_CONVERSION = YES;
				CLANG_WARN_OBJC_ROOT_CLASS = YES_ERROR;
				CLANG_WARN_RANGE_LOOP_ANALYSIS = YES;
				CLANG_WARN_STRICT_PROTOTYPES = YES;
				CLANG_WARN_SUSPICIOUS_MOVE = YES;
				CLANG_WARN_UNGUARDED_AVAILABILITY = YES_AGGRESSIVE;
				CLANG_WARN_UNREACHABLE_CODE = YES;
				CLANG_WARN__DUPLICATE_METHOD_MATCH = YES;
				COPY_PHASE_STRIP = NO;
				DEBUG_INFORMATION_FORMAT = "dwarf-with-dsym";
				ENABLE_NS_ASSERTIONS = NO;
				ENABLE_STRICT_OBJC_MSGSEND = YES;
				GCC_C_LANGUAGE_STANDARD = gnu11;
				GCC_NO_COMMON_BLOCKS = YES;
				GCC_WARN_64_TO_32_BIT_CONVERSION = YES;
				GCC_WARN_ABOUT_RETURN_TYPE = YES_ERROR;
				GCC_WARN_UNDECLARED_SELECTOR = YES;
				GCC_WARN_UNINITIALIZED_AUTOS = YES_AGGRESSIVE;
				GCC_WARN_UNUSED_FUNCTION = YES;
				GCC_WARN_UNUSED_VARIABLE = YES;
				IPHONEOS_DEPLOYMENT_TARGET = 13.5;
				MTL_ENABLE_DEBUG_INFO = NO;
				MTL_FAST_MATH = YES;
				SDKROOT = iphoneos;
				VALIDATE_PRODUCT = YES;
			};
			name = Release;
		};
		0FE76B8024C91964004C33CC /* Debug */ = {
			isa = XCBuildConfiguration;
			baseConfigurationReference = 1E2D4CE49270CFE6B329A2E9 /* Pods-TestWkWebView.debug.xcconfig */;
			buildSettings = {
				ASSETCATALOG_COMPILER_APPICON_NAME = AppIcon;
				CODE_SIGN_IDENTITY = "iPhone Developer";
				CODE_SIGN_STYLE = Manual;
				DEVELOPMENT_TEAM = 4URW8PS6WP;
				INFOPLIST_FILE = TestWkWebView/Info.plist;
				LD_RUNPATH_SEARCH_PATHS = (
					"$(inherited)",
					"@executable_path/Frameworks",
				);
				LIBRARY_SEARCH_PATHS = (
					"$(inherited)",
					"$(PROJECT_DIR)/TestWkWebView/WeChat",
					"$(PROJECT_DIR)/TestWkWebView/UPPaymentControl",
				);
				PRODUCT_BUNDLE_IDENTIFIER = com.chinaums.12345.TestWkWebView;
				PRODUCT_NAME = "$(TARGET_NAME)";
				PROVISIONING_PROFILE_SPECIFIER = DevelopNormal;
				TARGETED_DEVICE_FAMILY = "1,2";
			};
			name = Debug;
		};
		0FE76B8124C91964004C33CC /* Release */ = {
			isa = XCBuildConfiguration;
			baseConfigurationReference = 8B6FCCC0748DE38913B75878 /* Pods-TestWkWebView.release.xcconfig */;
			buildSettings = {
				ASSETCATALOG_COMPILER_APPICON_NAME = AppIcon;
				CODE_SIGN_IDENTITY = "iPhone Developer";
				CODE_SIGN_STYLE = Manual;
				DEVELOPMENT_TEAM = 4URW8PS6WP;
				INFOPLIST_FILE = TestWkWebView/Info.plist;
				LD_RUNPATH_SEARCH_PATHS = (
					"$(inherited)",
					"@executable_path/Frameworks",
				);
				LIBRARY_SEARCH_PATHS = (
					"$(inherited)",
					"$(PROJECT_DIR)/TestWkWebView/WeChat",
					"$(PROJECT_DIR)/TestWkWebView/UPPaymentControl",
				);
				PRODUCT_BUNDLE_IDENTIFIER = com.chinaums.12345.TestWkWebView;
				PRODUCT_NAME = "$(TARGET_NAME)";
				PROVISIONING_PROFILE_SPECIFIER = DevelopNormal;
				TARGETED_DEVICE_FAMILY = "1,2";
			};
			name = Release;
		};
/* End XCBuildConfiguration section */

/* Begin XCConfigurationList section */
		0FE76B6124C91962004C33CC /* Build configuration list for PBXProject "TestWkWebView" */ = {
			isa = XCConfigurationList;
			buildConfigurations = (
				0FE76B7D24C91964004C33CC /* Debug */,
				0FE76B7E24C91964004C33CC /* Release */,
			);
			defaultConfigurationIsVisible = 0;
			defaultConfigurationName = Release;
		};
		0FE76B7F24C91964004C33CC /* Build configuration list for PBXNativeTarget "TestWkWebView" */ = {
			isa = XCConfigurationList;
			buildConfigurations = (
				0FE76B8024C91964004C33CC /* Debug */,
				0FE76B8124C91964004C33CC /* Release */,
			);
			defaultConfigurationIsVisible = 0;
			defaultConfigurationName = Release;
		};
/* End XCConfigurationList section */
	};
	rootObject = 0FE76B5E24C91962004C33CC /* Project object */;
}
